{
  "name": "Vidly",
  "lockfileVersion": 3,
  "requires": true,
  "packages": {
    "": {
      "dependencies": {
        "bootbox": "^6.0.0",
        "datatables.net-dt": "^1.13.6",
        "toastr": "^2.1.4",
        "typeahead": "^0.2.2"
      }
    },
    "node_modules/@popperjs/core": {
      "version": "2.11.8",
      "resolved": "https://registry.npmjs.org/@popperjs/core/-/core-2.11.8.tgz",
      "integrity": "sha512-P1st0aksCrn9sGZhp8GMYwBnQsbvAWsZAX44oXNNvLHGqAOcoVxmjZiohstwQ7SqKnbR47akdNi+uleWD8+g6A==",
      "peer": true,
      "funding": {
        "type": "opencollective",
        "url": "https://opencollective.com/popperjs"
      }
    },
    "node_modules/bootbox": {
      "version": "6.0.0",
      "resolved": "https://registry.npmjs.org/bootbox/-/bootbox-6.0.0.tgz",
      "integrity": "sha512-+Calbj1v5UvxAXXDAHfoBlsx63Hcz1JqHaZdJ5EjIcOlkyAbZLCreVScx0Em6ZUvsMCqynuz/3nGDyd9FtFrNQ==",
      "peerDependencies": {
        "@popperjs/core": "^2.0.0",
        "bootstrap": "^4.4.0 || ^5.0.0",
        "jquery": "^3.5.1"
      }
    },
    "node_modules/bootstrap": {
      "version": "5.3.2",
      "resolved": "https://registry.npmjs.org/bootstrap/-/bootstrap-5.3.2.tgz",
      "integrity": "sha512-D32nmNWiQHo94BKHLmOrdjlL05q1c8oxbtBphQFb9Z5to6eGRDCm0QgeaZ4zFBHzfg2++rqa2JkqCcxDy0sH0g==",
      "funding": [
        {
          "type": "github",
          "url": "https://github.com/sponsors/twbs"
        },
        {
          "type": "opencollective",
          "url": "https://opencollective.com/bootstrap"
        }
      ],
      "peer": true,
      "peerDependencies": {
        "@popperjs/core": "^2.11.8"
      }
    },
    "node_modules/datatables.net": {
      "version": "1.13.6",
      "resolved": "https://registry.npmjs.org/datatables.net/-/datatables.net-1.13.6.tgz",
      "integrity": "sha512-rHNcnW+yEP9me82/KmRcid5eKrqPqW3+I/p1TwqCW3c/7GRYYkDyF6aJQOQ9DNS/pw+nyr4BVpjyJ3yoZXiFPg==",
      "dependencies": {
        "jquery": ">=1.7"
      }
    },
    "node_modules/datatables.net-dt": {
      "version": "1.13.6",
      "resolved": "https://registry.npmjs.org/datatables.net-dt/-/datatables.net-dt-1.13.6.tgz",
      "integrity": "sha512-0fBsUi8k5e+x5e+xA/Eb5stFr2PIkHgDnbhZs8ZDLvzzL975lCm6sqBAcsTsXKvF7yuBvaDTVBTF4wOMw7PrYw==",
      "dependencies": {
        "datatables.net": ">=1.13.4",
        "jquery": ">=1.7"
      }
    },
    "node_modules/dom": {
      "version": "0.0.2",
      "resolved": "https://registry.npmjs.org/dom/-/dom-0.0.2.tgz",
      "integrity": "sha512-e4et+/XWFf396eDrDOiONO1SCT2zAvpIiutNwG0kzkFHSZB+JUq7jn+gYcIvNS7NJZyMQrZNKrJNdHGHpRPiSQ=="
    },
    "node_modules/jquery": {
      "version": "3.7.1",
      "resolved": "https://registry.npmjs.org/jquery/-/jquery-3.7.1.tgz",
      "integrity": "sha512-m4avr8yL8kmFN8psrbFFFmB/If14iN5o9nw/NgnnM+kybDJpRsAynV2BsfpTYrTRysYUdADVD7CkUUizgkpLfg=="
    },
    "node_modules/toastr": {
      "version": "2.1.4",
      "resolved": "https://registry.npmjs.org/toastr/-/toastr-2.1.4.tgz",
      "integrity": "sha512-LIy77F5n+sz4tefMmFOntcJ6HL0Fv3k1TDnNmFZ0bU/GcvIIfy6eG2v7zQmMiYgaalAiUv75ttFrPn5s0gyqlA==",
      "dependencies": {
        "jquery": ">=1.12.0"
      }
    },
    "node_modules/typeahead": {
      "version": "0.2.2",
      "resolved": "https://registry.npmjs.org/typeahead/-/typeahead-0.2.2.tgz",
      "integrity": "sha512-cJLI/AZaAbBCErlHeax2V+jJEKnchXcJTcEXyeMtkiQUDR22LY2wptj8J1hZbGS5r4FxsqNyFCRPvE87gk6N3g==",
      "dependencies": {
        "dom": "0.0.2",
        "xtend": "1.0.3"
      }
    },
    "node_modules/xtend": {
      "version": "1.0.3",
      "resolved": "https://registry.npmjs.org/xtend/-/xtend-1.0.3.tgz",
      "integrity": "sha512-wv78b3q8kHDveC/C7Yq/UUrJXsAAM1t/j5m28h/ZlqYy0+eqByglhsWR88D2j3VImQzZlNIDsSbZ3QItwgWEGw==",
      "engines": {
        "node": ">=0.4"
      }
    }
  }
}
